{
  "name": "workerhelper",
  "version": "1.0.0",
  "lockfileVersion": 2,
  "requires": true,
  "packages": {
    "": {
      "name": "workerhelper",
      "version": "1.0.0",
      "license": "ISC",
      "dependencies": {
        "@vant/weapp": "^1.3.3",
        "weui-miniprogram": "^1.2.3"
      }
    },
    "node_modules/@vant/weapp": {
      "version": "1.3.3",
      "resolved": "https://registry.npmjs.org/@vant/weapp/-/weapp-1.3.3.tgz",
      "integrity": "sha512-XZFRsam3QSnkbBRqdcldi1+VZtAtHbj92S7AF9dG/YpEN0FFEm+vDb881+xXkHFfzLPx509TriKWU6ktlNZSmw=="
    },
    "node_modules/weui-miniprogram": {
      "version": "1.2.3",
      "resolved": "https://registry.npmjs.org/weui-miniprogram/-/weui-miniprogram-1.2.3.tgz",
      "integrity": "sha512-PFlPKnIVTkt3CMrasTVKFEoDO4kfy1i3p4g8iU255ydZnxieGpHGa1d5gvVH9qpmxMPoIpjN57YoP/drLbJQrg=="
    }
  },
  "dependencies": {
    "@vant/weapp": {
      "version": "1.3.3",
      "resolved": "https://registry.npmjs.org/@vant/weapp/-/weapp-1.3.3.tgz",
      "integrity": "sha512-XZFRsam3QSnkbBRqdcldi1+VZtAtHbj92S7AF9dG/YpEN0FFEm+vDb881+xXkHFfzLPx509TriKWU6ktlNZSmw=="
    },
    "weui-miniprogram": {
      "version": "1.2.3",
      "resolved": "https://registry.npmjs.org/weui-miniprogram/-/weui-miniprogram-1.2.3.tgz",
      "integrity": "sha512-PFlPKnIVTkt3CMrasTVKFEoDO4kfy1i3p4g8iU255ydZnxieGpHGa1d5gvVH9qpmxMPoIpjN57YoP/drLbJQrg=="
    }
  }
}
